{
  "name": "example",
  "version": "1.0.0",
  "lockfileVersion": 3,
  "requires": true,
  "packages": {
    "": {
      "name": "example",
      "version": "1.0.0",
      "license": "ISC",
      "dependencies": {
        "@xuemiyang/vue2-virtual-list": "../"
      }
    },
    "..": {
      "name": "@xuemiyang/vue2-virtual-list",
      "version": "1.0.1",
      "devDependencies": {
        "typescript": "^4.5.5",
        "vite": "^4.5.2",
        "vite-plugin-dts": "^1.3.1",
        "vite-plugin-vue2": "^2.0.3",
        "vue-template-compiler": "^2.6.14",
        "vue-tsc": "^0.40.13"
      },
      "peerDependencies": {
        "vue": "^2.6.14"
      }
    },
    "node_modules/@xuemiyang/vue2-virtual-list": {
      "resolved": "..",
      "link": true
    }
  }
}
